// !$*UTF8*$!
{
	archiveVersion = 1;
	classes = {
	};
	objectVersion = 55;
	objects = {

/* Begin PBXBuildFile section */
		41489CE728D09CC6008704CB /* DownloaderClient.swift in Sources */ = {isa = PBXBuildFile; fileRef = 41489CE628D09CC6008704CB /* DownloaderClient.swift */; };
		415399C228D206AD001B87A3 /* FilmViewModel.swift in Sources */ = {isa = PBXBuildFile; fileRef = 415399C128D206AD001B87A3 /* FilmViewModel.swift */; };
		41A5A82428D05C80008F0033 /* swiftUI_FilmAramaApp.swift in Sources */ = {isa = PBXBuildFile; fileRef = 41A5A82328D05C80008F0033 /* swiftUI_FilmAramaApp.swift */; };
		41A5A82628D05C80008F0033 /* FilmListeView.swift in Sources */ = {isa = PBXBuildFile; fileRef = 41A5A82528D05C80008F0033 /* FilmListeView.swift */; };
		41A5A82828D05C82008F0033 /* Assets.xcassets in Resources */ = {isa = PBXBuildFile; fileRef = 41A5A82728D05C82008F0033 /* Assets.xcassets */; };
		41A5A82B28D05C82008F0033 /* Preview Assets.xcassets in Resources */ = {isa = PBXBuildFile; fileRef = 41A5A82A28D05C82008F0033 /* Preview Assets.xcassets */; };
		41A5A83728D05DFB008F0033 /* Film.swift in Sources */ = {isa = PBXBuildFile; fileRef = 41A5A83628D05DFB008F0033 /* Film.swift */; };
/* End PBXBuildFile section */

/* Begin PBXFileReference section */
		41489CE628D09CC6008704CB /* DownloaderClient.swift */ = {isa = PBXFileReference; lastKnownFileType = sourcecode.swift; path = DownloaderClient.swift; sourceTree = "<group>"; };
		415399C128D206AD001B87A3 /* FilmViewModel.swift */ = {isa = PBXFileReference; lastKnownFileType = sourcecode.swift; path = FilmViewModel.swift; sourceTree = "<group>"; };
		41A5A82028D05C80008F0033 /* swiftUI-FilmArama.app */ = {isa = PBXFileReference; explicitFileType = wrapper.application; includeInIndex = 0; path = "swiftUI-FilmArama.app"; sourceTree = BUILT_PRODUCTS_DIR; };
		41A5A82328D05C80008F0033 /* swiftUI_FilmAramaApp.swift */ = {isa = PBXFileReference; lastKnownFileType = sourcecode.swift; path = swiftUI_FilmAramaApp.swift; sourceTree = "<group>"; };
		41A5A82528D05C80008F0033 /* FilmListeView.swift */ = {isa = PBXFileReference; lastKnownFileType = sourcecode.swift; path = FilmListeView.swift; sourceTree = "<group>"; };
		41A5A82728D05C82008F0033 /* Assets.xcassets */ = {isa = PBXFileReference; lastKnownFileType = folder.assetcatalog; path = Assets.xcassets; sourceTree = "<group>"; };
		41A5A82A28D05C82008F0033 /* Preview Assets.xcassets */ = {isa = PBXFileReference; lastKnownFileType = folder.assetcatalog; path = "Preview Assets.xcassets"; sourceTree = "<group>"; };
		41A5A83628D05DFB008F0033 /* Film.swift */ = {isa = PBXFileReference; lastKnownFileType = sourcecode.swift; path = Film.swift; sourceTree = "<group>"; };
/* End PBXFileReference section */

/* Begin PBXFrameworksBuildPhase section */
		41A5A81D28D05C80008F0033 /* Frameworks */ = {
			isa = PBXFrameworksBuildPhase;
			buildActionMask = 2147483647;
			files = (
			);
			runOnlyForDeploymentPostprocessing = 0;
		};
/* End PBXFrameworksBuildPhase section */

/* Begin PBXGroup section */
		41489CE528D09C67008704CB /* Service */ = {
			isa = PBXGroup;
			children = (
				41489CE628D09CC6008704CB /* DownloaderClient.swift */,
			);
			path = Service;
			sourceTree = "<group>";
		};
		41A5A81728D05C80008F0033 = {
			isa = PBXGroup;
			children = (
				41A5A82228D05C80008F0033 /* swiftUI-FilmArama */,
				41A5A82128D05C80008F0033 /* Products */,
			);
			sourceTree = "<group>";
		};
		41A5A82128D05C80008F0033 /* Products */ = {
			isa = PBXGroup;
			children = (
				41A5A82028D05C80008F0033 /* swiftUI-FilmArama.app */,
			);
			name = Products;
			sourceTree = "<group>";
		};
		41A5A82228D05C80008F0033 /* swiftUI-FilmArama */ = {
			isa = PBXGroup;
			children = (
				41489CE528D09C67008704CB /* Service */,
				41A5A83528D05D87008F0033 /* View */,
				41A5A83328D05D70008F0033 /* App */,
				41A5A83228D05D67008F0033 /* ViewModel */,
				41A5A83128D05D60008F0033 /* Model */,
				41A5A82728D05C82008F0033 /* Assets.xcassets */,
				41A5A82928D05C82008F0033 /* Preview Content */,
			);
			path = "swiftUI-FilmArama";
			sourceTree = "<group>";
		};
		41A5A82928D05C82008F0033 /* Preview Content */ = {
			isa = PBXGroup;
			children = (
				41A5A82A28D05C82008F0033 /* Preview Assets.xcassets */,
			);
			path = "Preview Content";
			sourceTree = "<group>";
		};
		41A5A83128D05D60008F0033 /* Model */ = {
			isa = PBXGroup;
			children = (
				41A5A83628D05DFB008F0033 /* Film.swift */,
			);
			path = Model;
			sourceTree = "<group>";
		};
		41A5A83228D05D67008F0033 /* ViewModel */ = {
			isa = PBXGroup;
			children = (
				415399C128D206AD001B87A3 /* FilmViewModel.swift */,
			);
			path = ViewModel;
			sourceTree = "<group>";
		};
		41A5A83328D05D70008F0033 /* App */ = {
			isa = PBXGroup;
			children = (
				41A5A82328D05C80008F0033 /* swiftUI_FilmAramaApp.swift */,
			);
			path = App;
			sourceTree = "<group>";
		};
		41A5A83528D05D87008F0033 /* View */ = {
			isa = PBXGroup;
			children = (
				41A5A82528D05C80008F0033 /* FilmListeView.swift */,
			);
			path = View;
			sourceTree = "<group>";
		};
/* End PBXGroup section */

/* Begin PBXNativeTarget section */
		41A5A81F28D05C80008F0033 /* swiftUI-FilmArama */ = {
			isa = PBXNativeTarget;
			buildConfigurationList = 41A5A82E28D05C82008F0033 /* Build configuration list for PBXNativeTarget "swiftUI-FilmArama" */;
			buildPhases = (
				41A5A81C28D05C80008F0033 /* Sources */,
				41A5A81D28D05C80008F0033 /* Frameworks */,
				41A5A81E28D05C80008F0033 /* Resources */,
			);
			buildRules = (
			);
			dependencies = (
			);
			name = "swiftUI-FilmArama";
			productName = "swiftUI-FilmArama";
			productReference = 41A5A82028D05C80008F0033 /* swiftUI-FilmArama.app */;
			productType = "com.apple.product-type.application";
		};
/* End PBXNativeTarget section */

/* Begin PBXProject section */
		41A5A81828D05C80008F0033 /* Project object */ = {
			isa = PBXProject;
			attributes = {
				BuildIndependentTargetsInParallel = 1;
				LastSwiftUpdateCheck = 1340;
				LastUpgradeCheck = 1340;
				TargetAttributes = {
					41A5A81F28D05C80008F0033 = {
						CreatedOnToolsVersion = 13.4.1;
					};
				};
			};
			buildConfigurationList = 41A5A81B28D05C80008F0033 /* Build configuration list for PBXProject "swiftUI-FilmArama" */;
			compatibilityVersion = "Xcode 13.0";
			developmentRegion = en;
			hasScannedForEncodings = 0;
			knownRegions = (
				en,
				Base,
			);
			mainGroup = 41A5A81728D05C80008F0033;
			productRefGroup = 41A5A82128D05C80008F0033 /* Products */;
			projectDirPath = "";
			projectRoot = "";
			targets = (
				41A5A81F28D05C80008F0033 /* swiftUI-FilmArama */,
			);
		};
/* End PBXProject section */

/* Begin PBXResourcesBuildPhase section */
		41A5A81E28D05C80008F0033 /* Resources */ = {
			isa = PBXResourcesBuildPhase;
			buildActionMask = 2147483647;
			files = (
				41A5A82B28D05C82008F0033 /* Preview Assets.xcassets in Resources */,
				41A5A82828D05C82008F0033 /* Assets.xcassets in Resources */,
			);
			runOnlyForDeploymentPostprocessing = 0;
		};
/* End PBXResourcesBuildPhase section */

/* Begin PBXSourcesBuildPhase section */
		41A5A81C28D05C80008F0033 /* Sources */ = {
			isa = PBXSourcesBuildPhase;
			buildActionMask = 2147483647;
			files = (
				41A5A82628D05C80008F0033 /* FilmListeView.swift in Sources */,
				41A5A83728D05DFB008F0033 /* Film.swift in Sources */,
				415399C228D206AD001B87A3 /* FilmViewModel.swift in Sources */,
				41A5A82428D05C80008F0033 /* swiftUI_FilmAramaApp.swift in Sources */,
				41489CE728D09CC6008704CB /* DownloaderClient.swift in Sources */,
			);
			runOnlyForDeploymentPostprocessing = 0;
		};
/* End PBXSourcesBuildPhase section */

/* Begin XCBuildConfiguration section */
		41A5A82C28D05C82008F0033 /* Debug */ = {
			isa = XCBuildConfiguration;
			buildSettings = {
				ALWAYS_SEARCH_USER_PATHS = NO;
				CLANG_ANALYZER_NONNULL = YES;
				CLANG_ANALYZER_NUMBER_OBJECT_CONVERSION = YES_AGGRESSIVE;
				CLANG_CXX_LANGUAGE_STANDARD = "gnu++17";
				CLANG_ENABLE_MODULES = YES;
				CLANG_ENABLE_OBJC_ARC = YES;
				CLANG_ENABLE_OBJC_WEAK = YES;
				CLANG_WARN_BLOCK_CAPTURE_AUTORELEASING = YES;
				CLANG_WARN_BOOL_CONVERSION = YES;
				CLANG_WARN_COMMA = YES;
				CLANG_WARN_CONSTANT_CONVERSION = YES;
				CLANG_WARN_DEPRECATED_OBJC_IMPLEMENTATIONS = YES;
				CLANG_WARN_DIRECT_OBJC_ISA_USAGE = YES_ERROR;
				CLANG_WARN_DOCUMENTATION_COMMENTS = YES;
				CLANG_WARN_EMPTY_BODY = YES;
				CLANG_WARN_ENUM_CONVERSION = YES;
				CLANG_WARN_INFINITE_RECURSION = YES;
				CLANG_WARN_INT_CONVERSION = YES;
				CLANG_WARN_NON_LITERAL_NULL_CONVERSION = YES;
				CLANG_WARN_OBJC_IMPLICIT_RETAIN_SELF = YES;
				CLANG_WARN_OBJC_LITERAL_CONVERSION = YES;
				CLANG_WARN_OBJC_ROOT_CLASS = YES_ERROR;
				CLANG_WARN_QUOTED_INCLUDE_IN_FRAMEWORK_HEADER = YES;
				CLANG_WARN_RANGE_LOOP_ANALYSIS = YES;
				CLANG_WARN_STRICT_PROTOTYPES = YES;
				CLANG_WARN_SUSPICIOUS_MOVE = YES;
				CLANG_WARN_UNGUARDED_AVAILABILITY = YES_AGGRESSIVE;
				CLANG_WARN_UNREACHABLE_CODE = YES;
				CLANG_WARN__DUPLICATE_METHOD_MATCH = YES;
				COPY_PHASE_STRIP = NO;
				DEBUG_INFORMATION_FORMAT = dwarf;
				ENABLE_STRICT_OBJC_MSGSEND = YES;
				ENABLE_TESTABILITY = YES;
				GCC_C_LANGUAGE_STANDARD = gnu11;
				GCC_DYNAMIC_NO_PIC = NO;
				GCC_NO_COMMON_BLOCKS = YES;
				GCC_OPTIMIZATION_LEVEL = 0;
				GCC_PREPROCESSOR_DEFINITIONS = (
					"DEBUG=1",
					"$(inherited)",
				);
				GCC_WARN_64_TO_32_BIT_CONVERSION = YES;
				GCC_WARN_ABOUT_RETURN_TYPE = YES_ERROR;
				GCC_WARN_UNDECLARED_SELECTOR = YES;
				GCC_WARN_UNINITIALIZED_AUTOS = YES_AGGRESSIVE;
				GCC_WARN_UNUSED_FUNCTION = YES;
				GCC_WARN_UNUSED_VARIABLE = YES;
				IPHONEOS_DEPLOYMENT_TARGET = 15.5;
				MTL_ENABLE_DEBUG_INFO = INCLUDE_SOURCE;
				MTL_FAST_MATH = YES;
				ONLY_ACTIVE_ARCH = YES;
				SDKROOT = iphoneos;
				SWIFT_ACTIVE_COMPILATION_CONDITIONS = DEBUG;
				SWIFT_OPTIMIZATION_LEVEL = "-Onone";
			};
			name = Debug;
		};
		41A5A82D28D05C82008F0033 /* Release */ = {
			isa = XCBuildConfiguration;
			buildSettings = {
				ALWAYS_SEARCH_USER_PATHS = NO;
				CLANG_ANALYZER_NONNULL = YES;
				CLANG_ANALYZER_NUMBER_OBJECT_CONVERSION = YES_AGGRESSIVE;
				CLANG_CXX_LANGUAGE_STANDARD = "gnu++17";
				CLANG_ENABLE_MODULES = YES;
				CLANG_ENABLE_OBJC_ARC = YES;
				CLANG_ENABLE_OBJC_WEAK = YES;
				CLANG_WARN_BLOCK_CAPTURE_AUTORELEASING = YES;
				CLANG_WARN_BOOL_CONVERSION = YES;
				CLANG_WARN_COMMA = YES;
				CLANG_WARN_CONSTANT_CONVERSION = YES;
				CLANG_WARN_DEPRECATED_OBJC_IMPLEMENTATIONS = YES;
				CLANG_WARN_DIRECT_OBJC_ISA_USAGE = YES_ERROR;
				CLANG_WARN_DOCUMENTATION_COMMENTS = YES;
				CLANG_WARN_EMPTY_BODY = YES;
				CLANG_WARN_ENUM_CONVERSION = YES;
				CLANG_WARN_INFINITE_RECURSION = YES;
				CLANG_WARN_INT_CONVERSION = YES;
				CLANG_WARN_NON_LITERAL_NULL_CONVERSION = YES;
				CLANG_WARN_OBJC_IMPLICIT_RETAIN_SELF = YES;
				CLANG_WARN_OBJC_LITERAL_CONVERSION = YES;
				CLANG_WARN_OBJC_ROOT_CLASS = YES_ERROR;
				CLANG_WARN_QUOTED_INCLUDE_IN_FRAMEWORK_HEADER = YES;
				CLANG_WARN_RANGE_LOOP_ANALYSIS = YES;
				CLANG_WARN_STRICT_PROTOTYPES = YES;
				CLANG_WARN_SUSPICIOUS_MOVE = YES;
				CLANG_WARN_UNGUARDED_AVAILABILITY = YES_AGGRESSIVE;
				CLANG_WARN_UNREACHABLE_CODE = YES;
				CLANG_WARN__DUPLICATE_METHOD_MATCH = YES;
				COPY_PHASE_STRIP = NO;
				DEBUG_INFORMATION_FORMAT = "dwarf-with-dsym";
				ENABLE_NS_ASSERTIONS = NO;
				ENABLE_STRICT_OBJC_MSGSEND = YES;
				GCC_C_LANGUAGE_STANDARD = gnu11;
				GCC_NO_COMMON_BLOCKS = YES;
				GCC_WARN_64_TO_32_BIT_CONVERSION = YES;
				GCC_WARN_ABOUT_RETURN_TYPE = YES_ERROR;
				GCC_WARN_UNDECLARED_SELECTOR = YES;
				GCC_WARN_UNINITIALIZED_AUTOS = YES_AGGRESSIVE;
				GCC_WARN_UNUSED_FUNCTION = YES;
				GCC_WARN_UNUSED_VARIABLE = YES;
				IPHONEOS_DEPLOYMENT_TARGET = 15.5;
				MTL_ENABLE_DEBUG_INFO = NO;
				MTL_FAST_MATH = YES;
				SDKROOT = iphoneos;
				SWIFT_COMPILATION_MODE = wholemodule;
				SWIFT_OPTIMIZATION_LEVEL = "-O";
				VALIDATE_PRODUCT = YES;
			};
			name = Release;
		};
		41A5A82F28D05C82008F0033 /* Debug */ = {
			isa = XCBuildConfiguration;
			buildSettings = {
				ASSETCATALOG_COMPILER_APPICON_NAME = AppIcon;
				ASSETCATALOG_COMPILER_GLOBAL_ACCENT_COLOR_NAME = AccentColor;
				CODE_SIGN_STYLE = Automatic;
				CURRENT_PROJECT_VERSION = 1;
				DEVELOPMENT_ASSET_PATHS = "\"swiftUI-FilmArama/Preview Content\"";
				DEVELOPMENT_TEAM = 3WSZHMJKZ9;
				ENABLE_PREVIEWS = YES;
				GENERATE_INFOPLIST_FILE = YES;
				INFOPLIST_KEY_UIApplicationSceneManifest_Generation = YES;
				INFOPLIST_KEY_UIApplicationSupportsIndirectInputEvents = YES;
				INFOPLIST_KEY_UILaunchScreen_Generation = YES;
				INFOPLIST_KEY_UISupportedInterfaceOrientations_iPad = "UIInterfaceOrientationPortrait UIInterfaceOrientationPortraitUpsideDown UIInterfaceOrientationLandscapeLeft UIInterfaceOrientationLandscapeRight";
				INFOPLIST_KEY_UISupportedInterfaceOrientations_iPhone = "UIInterfaceOrientationPortrait UIInterfaceOrientationLandscapeLeft UIInterfaceOrientationLandscapeRight";
				LD_RUNPATH_SEARCH_PATHS = (
					"$(inherited)",
					"@executable_path/Frameworks",
				);
				MARKETING_VERSION = 1.0;
				PRODUCT_BUNDLE_IDENTIFIER = "mert.swiftUI-FilmArama";
				PRODUCT_NAME = "$(TARGET_NAME)";
				SWIFT_EMIT_LOC_STRINGS = YES;
				SWIFT_VERSION = 5.0;
				TARGETED_DEVICE_FAMILY = "1,2";
			};
			name = Debug;
		};
		41A5A83028D05C82008F0033 /* Release */ = {
			isa = XCBuildConfiguration;
			buildSettings = {
				ASSETCATALOG_COMPILER_APPICON_NAME = AppIcon;
				ASSETCATALOG_COMPILER_GLOBAL_ACCENT_COLOR_NAME = AccentColor;
				CODE_SIGN_STYLE = Automatic;
				CURRENT_PROJECT_VERSION = 1;
				DEVELOPMENT_ASSET_PATHS = "\"swiftUI-FilmArama/Preview Content\"";
				DEVELOPMENT_TEAM = 3WSZHMJKZ9;
				ENABLE_PREVIEWS = YES;
				GENERATE_INFOPLIST_FILE = YES;
				INFOPLIST_KEY_UIApplicationSceneManifest_Generation = YES;
				INFOPLIST_KEY_UIApplicationSupportsIndirectInputEvents = YES;
				INFOPLIST_KEY_UILaunchScreen_Generation = YES;
				INFOPLIST_KEY_UISupportedInterfaceOrientations_iPad = "UIInterfaceOrientationPortrait UIInterfaceOrientationPortraitUpsideDown UIInterfaceOrientationLandscapeLeft UIInterfaceOrientationLandscapeRight";
				INFOPLIST_KEY_UISupportedInterfaceOrientations_iPhone = "UIInterfaceOrientationPortrait UIInterfaceOrientationLandscapeLeft UIInterfaceOrientationLandscapeRight";
				LD_RUNPATH_SEARCH_PATHS = (
					"$(inherited)",
					"@executable_path/Frameworks",
				);
				MARKETING_VERSION = 1.0;
				PRODUCT_BUNDLE_IDENTIFIER = "mert.swiftUI-FilmArama";
				PRODUCT_NAME = "$(TARGET_NAME)";
				SWIFT_EMIT_LOC_STRINGS = YES;
				SWIFT_VERSION = 5.0;
				TARGETED_DEVICE_FAMILY = "1,2";
			};
			name = Release;
		};
/* End XCBuildConfiguration section */

/* Begin XCConfigurationList section */
		41A5A81B28D05C80008F0033 /* Build configuration list for PBXProject "swiftUI-FilmArama" */ = {
			isa = XCConfigurationList;
			buildConfigurations = (
				41A5A82C28D05C82008F0033 /* Debug */,
				41A5A82D28D05C82008F0033 /* Release */,
			);
			defaultConfigurationIsVisible = 0;
			defaultConfigurationName = Release;
		};
		41A5A82E28D05C82008F0033 /* Build configuration list for PBXNativeTarget "swiftUI-FilmArama" */ = {
			isa = XCConfigurationList;
			buildConfigurations = (
				41A5A82F28D05C82008F0033 /* Debug */,
				41A5A83028D05C82008F0033 /* Release */,
			);
			defaultConfigurationIsVisible = 0;
			defaultConfigurationName = Release;
		};
/* End XCConfigurationList section */
	};
	rootObject = 41A5A81828D05C80008F0033 /* Project object */;
}
